
Microsoft Visual Studio Solution File, Format Version 12.00
# Visual Studio Version 17
VisualStudioVersion = 17.14.36616.10 d17.14
MinimumVisualStudioVersion = 10.0.40219.1
Project("{FAE04EC0-301F-11D3-BF4B-00C04F79EFBC}") = "BlazorCRUDArreglos", "BlazorCRUDArreglos\BlazorCRUDArreglos.csproj", "{A0AF9456-C1D0-4BF4-B7F8-CEC70D0BA66B}"
EndProject
Global
	GlobalSection(SolutionConfigurationPlatforms) = preSolution
		Debug|Any CPU = Debug|Any CPU
		Release|Any CPU = Release|Any CPU
	EndGlobalSection
	GlobalSection(ProjectConfigurationPlatforms) = postSolution
		{A0AF9456-C1D0-4BF4-B7F8-CEC70D0BA66B}.Debug|Any CPU.ActiveCfg = Debug|Any CPU
		{A0AF9456-C1D0-4BF4-B7F8-CEC70D0BA66B}.Debug|Any CPU.Build.0 = Debug|Any CPU
		{A0AF9456-C1D0-4BF4-B7F8-CEC70D0BA66B}.Release|Any CPU.ActiveCfg = Release|Any CPU
		{A0AF9456-C1D0-4BF4-B7F8-CEC70D0BA66B}.Release|Any CPU.Build.0 = Release|Any CPU
	EndGlobalSection
	GlobalSection(SolutionProperties) = preSolution
		HideSolutionNode = FALSE
	EndGlobalSection
	GlobalSection(ExtensibilityGlobals) = postSolution
		SolutionGuid = {C41577C6-38C2-43B1-BB82-295219F68ADA}
	EndGlobalSection
EndGlobal
